
Microsoft Visual Studio Solution File, Format Version 12.00
Project("{2150E333-8FDC-42A3-9474-1A3956D46DE8}") = "Adapters", "Adapters", "{5E5066AE-3DFF-4ED1-BB1E-C5DA89868957}"
EndProject
Project("{2150E333-8FDC-42A3-9474-1A3956D46DE8}") = "Consumers", "Consumers", "{C8D43B2B-A3D4-428F-9456-586097134627}"
EndProject
Project("{2150E333-8FDC-42A3-9474-1A3956D46DE8}") = "Core", "Core", "{1A26A8E7-EB15-4B91-A151-8B567410D7F5}"
EndProject
Project("{2150E333-8FDC-42A3-9474-1A3956D46DE8}") = "Tests", "Tests", "{B0032C3F-8681-4B58-92B3-AA81C1D56A91}"
EndProject
Project("{2150E333-8FDC-42A3-9474-1A3956D46DE8}") = "Emprestimo", "Emprestimo", "{EE56B3BF-1B8E-4407-9AAF-3970FCFC7E3D}"
EndProject
Project("{FAE04EC0-301F-11D3-BF4B-00C04F79EFBC}") = "Data", "Emprestimo\Adapters\Data\Data.csproj", "{75F8DD67-E39F-49CA-B899-A38F82261BAB}"
EndProject
Project("{FAE04EC0-301F-11D3-BF4B-00C04F79EFBC}") = "API", "Emprestimo\Consumers\API\API.csproj", "{9D1EDCF6-55C4-4E03-9F76-74A8E1C95980}"
EndProject
Project("{FAE04EC0-301F-11D3-BF4B-00C04F79EFBC}") = "Application", "Emprestimo\Core\Application\Application.csproj", "{7C43222C-470A-463F-877F-A9DF86B08EC9}"
EndProject
Project("{FAE04EC0-301F-11D3-BF4B-00C04F79EFBC}") = "Domain", "Emprestimo\Core\Domain\Domain.csproj", "{E71DF32E-21E1-44CF-A617-0358875644DA}"
EndProject
Global
	GlobalSection(SolutionConfigurationPlatforms) = preSolution
		Debug|Any CPU = Debug|Any CPU
		Release|Any CPU = Release|Any CPU
	EndGlobalSection
	GlobalSection(ProjectConfigurationPlatforms) = postSolution
		{75F8DD67-E39F-49CA-B899-A38F82261BAB}.Debug|Any CPU.ActiveCfg = Debug|Any CPU
		{75F8DD67-E39F-49CA-B899-A38F82261BAB}.Debug|Any CPU.Build.0 = Debug|Any CPU
		{75F8DD67-E39F-49CA-B899-A38F82261BAB}.Release|Any CPU.ActiveCfg = Release|Any CPU
		{75F8DD67-E39F-49CA-B899-A38F82261BAB}.Release|Any CPU.Build.0 = Release|Any CPU
		{9D1EDCF6-55C4-4E03-9F76-74A8E1C95980}.Debug|Any CPU.ActiveCfg = Debug|Any CPU
		{9D1EDCF6-55C4-4E03-9F76-74A8E1C95980}.Debug|Any CPU.Build.0 = Debug|Any CPU
		{9D1EDCF6-55C4-4E03-9F76-74A8E1C95980}.Release|Any CPU.ActiveCfg = Release|Any CPU
		{9D1EDCF6-55C4-4E03-9F76-74A8E1C95980}.Release|Any CPU.Build.0 = Release|Any CPU
		{7C43222C-470A-463F-877F-A9DF86B08EC9}.Debug|Any CPU.ActiveCfg = Debug|Any CPU
		{7C43222C-470A-463F-877F-A9DF86B08EC9}.Debug|Any CPU.Build.0 = Debug|Any CPU
		{7C43222C-470A-463F-877F-A9DF86B08EC9}.Release|Any CPU.ActiveCfg = Release|Any CPU
		{7C43222C-470A-463F-877F-A9DF86B08EC9}.Release|Any CPU.Build.0 = Release|Any CPU
		{E71DF32E-21E1-44CF-A617-0358875644DA}.Debug|Any CPU.ActiveCfg = Debug|Any CPU
		{E71DF32E-21E1-44CF-A617-0358875644DA}.Debug|Any CPU.Build.0 = Debug|Any CPU
		{E71DF32E-21E1-44CF-A617-0358875644DA}.Release|Any CPU.ActiveCfg = Release|Any CPU
		{E71DF32E-21E1-44CF-A617-0358875644DA}.Release|Any CPU.Build.0 = Release|Any CPU
	EndGlobalSection
	GlobalSection(NestedProjects) = preSolution
		{5E5066AE-3DFF-4ED1-BB1E-C5DA89868957} = {EE56B3BF-1B8E-4407-9AAF-3970FCFC7E3D}
		{C8D43B2B-A3D4-428F-9456-586097134627} = {EE56B3BF-1B8E-4407-9AAF-3970FCFC7E3D}
		{1A26A8E7-EB15-4B91-A151-8B567410D7F5} = {EE56B3BF-1B8E-4407-9AAF-3970FCFC7E3D}
		{B0032C3F-8681-4B58-92B3-AA81C1D56A91} = {EE56B3BF-1B8E-4407-9AAF-3970FCFC7E3D}
		{75F8DD67-E39F-49CA-B899-A38F82261BAB} = {5E5066AE-3DFF-4ED1-BB1E-C5DA89868957}
		{9D1EDCF6-55C4-4E03-9F76-74A8E1C95980} = {C8D43B2B-A3D4-428F-9456-586097134627}
		{7C43222C-470A-463F-877F-A9DF86B08EC9} = {1A26A8E7-EB15-4B91-A151-8B567410D7F5}
		{E71DF32E-21E1-44CF-A617-0358875644DA} = {1A26A8E7-EB15-4B91-A151-8B567410D7F5}
	EndGlobalSection
EndGlobal
